{
  "pins" : [
    {
      "identity" : "cryptoswift",
      "kind" : "remoteSourceControl",
      "location" : "git@gitlab.monetplus.cz:ahead_ios/CryptoSwift.git",
      "state" : {
        "revision" : "3fc5ee10e125bb5e0a634e0d9cc692ff7879b508",
        "version" : "1.5.1"
      }
    },
    {
      "identity" : "joseswift",
      "kind" : "remoteSourceControl",
      "location" : "git@gitlab.monetplus.cz:ahead_ios/joseswift.git",
      "state" : {
        "revision" : "a0d12000efa9948e6d63dc0d7e1a252e45623de3",
        "version" : "2.0.6"
      }
    }
  ],
  "version" : 2
}
